<?xml version="1.0" encoding="utf-8"?>
<Project ToolsVersion="4.0" xmlns="http://schemas.microsoft.com/developer/msbuild/2003">
  <ItemGroup>
    <Filter Include="Source Files">
      <UniqueIdentifier>{4FC737F1-C7A5-4376-A066-2A32D752A2FF}</UniqueIdentifier>
      <Extensions>cpp;c;cc;cxx;c++;cppm;ixx;def;odl;idl;hpj;bat;asm;asmx</Extensions>
    </Filter>
    <Filter Include="Header Files">
      <UniqueIdentifier>{93995380-89BD-4b04-88EB-625FBE52EBFB}</UniqueIdentifier>
      <Extensions>h;hh;hpp;hxx;h++;hm;inl;inc;ipp;xsd</Extensions>
    </Filter>
    <Filter Include="Resource Files">
      <UniqueIdentifier>{67DA6AB6-F800-4c08-8B7A-83BB121AAD01}</UniqueIdentifier>
      <Extensions>rc;ico;cur;bmp;dlg;rc2;rct;bin;rgs;gif;jpg;jpeg;jpe;resx;tiff;tif;png;wav;mfcribbon-ms</Extensions>
    </Filter>
  </ItemGroup>
  <ItemGroup>
    <ClCompile Include="QuizApplication.cpp">
      <Filter>Source Files</Filter>
    </ClCompile>
    <ClCompile Include="QuestionBank.cpp">
      <Filter>Source Files</Filter>
    </ClCompile>
    <ClCompile Include="MainMenu.cpp">
      <Filter>Source Files</Filter>
    </ClCompile>
    <ClCompile Include="UserInterface.cpp">
      <Filter>Source Files</Filter>
    </ClCompile>
    <ClCompile Include="GlobalVariables.cpp">
      <Filter>Source Files</Filter>
    </ClCompile>
    <ClCompile Include="TicTacToe.cpp">
      <Filter>Source Files</Filter>
    </ClCompile>
  </ItemGroup>
  <ItemGroup>
    <ClInclude Include="QuestionBank.h">
      <Filter>Header Files</Filter>
    </ClInclude>
    <ClInclude Include="MainMenu.h">
      <Filter>Header Files</Filter>
    </ClInclude>
    <ClInclude Include="UserInterface.h">
      <Filter>Header Files</Filter>
    </ClInclude>
    <ClInclude Include="GlobalVariables.h">
      <Filter>Header Files</Filter>
    </ClInclude>
    <ClInclude Include="TicTacToe.h">
      <Filter>Header Files</Filter>
    </ClInclude>
  </ItemGroup>
  <ItemGroup>
    <Text Include="FootballMCQ.txt">
      <Filter>Source Files</Filter>
    </Text>
    <Text Include="CricketMCQ.txt">
      <Filter>Resource Files</Filter>
    </Text>
    <Text Include="CricketTF.txt">
      <Filter>Resource Files</Filter>
    </Text>
    <Text Include="FootballTF.txt">
      <Filter>Resource Files</Filter>
    </Text>
    <Text Include="RugbyMCQ.txt">
      <Filter>Resource Files</Filter>
    </Text>
    <Text Include="RugbyTF.txt">
      <Filter>Resource Files</Filter>
    </Text>
  </ItemGroup>
  <ItemGroup>
    <Font Include="arial.ttf">
      <Filter>Resource Files</Filter>
    </Font>
    <Font Include="BebasNeue-Regular.ttf">
      <Filter>Resource Files</Filter>
    </Font>
    <Font Include="Billionstar.ttf">
      <Filter>Resource Files</Filter>
    </Font>
    <Font Include="impact.ttf">
      <Filter>Resource Files</Filter>
    </Font>
    <Font Include="Trajan Bold.ttf">
      <Filter>Resource Files</Filter>
    </Font>
  </ItemGroup>
  <ItemGroup>
    <Image Include="background.jpg">
      <Filter>Resource Files</Filter>
    </Image>
    <Image Include="background_cricket.jpg">
      <Filter>Resource Files</Filter>
    </Image>
    <Image Include="background_football.jpg">
      <Filter>Resource Files</Filter>
    </Image>
    <Image Include="background_rugby.jpg">
      <Filter>Resource Files</Filter>
    </Image>
    <Image Include="background1.jpg">
      <Filter>Resource Files</Filter>
    </Image>
    <Image Include="correct.gif">
      <Filter>Resource Files</Filter>
    </Image>
    <Image Include="incorrect.gif">
      <Filter>Resource Files</Filter>
    </Image>
  </ItemGroup>
  <ItemGroup>
    <Media Include="correct.wav">
      <Filter>Resource Files</Filter>
    </Media>
    <Media Include="incorrect.wav">
      <Filter>Resource Files</Filter>
    </Media>
    <Media Include="timer.wav">
      <Filter>Resource Files</Filter>
    </Media>
  </ItemGroup>
</Project>